
Microsoft Visual Studio Solution File, Format Version 12.00
# Visual Studio Version 17
VisualStudioVersion = 17.0.31903.59
MinimumVisualStudioVersion = 10.0.40219.1
Project("{2150E333-8FDC-42A3-9474-1A3956D46DE8}") = "src", "src", "{827E0CD3-B72D-47B6-A68D-7590B98EB39B}"
EndProject
Project("{FAE04EC0-301F-11D3-BF4B-00C04F79EFBC}") = "Taskify.Domain", "src\Taskify.Domain\Taskify.Domain.csproj", "{686C615D-D3A3-4754-B73F-0168DEE1FB9A}"
EndProject
Project("{FAE04EC0-301F-11D3-BF4B-00C04F79EFBC}") = "Taskify.Application", "src\Taskify.Application\Taskify.Application.csproj", "{24670A34-FD35-4701-BA03-1E26F003E5E1}"
EndProject
Project("{FAE04EC0-301F-11D3-BF4B-00C04F79EFBC}") = "Taskify.Infrastructure", "src\Taskify.Infrastructure\Taskify.Infrastructure.csproj", "{817DF2A8-9A6E-4AB4-AEA9-2A8EA3C4CAC3}"
EndProject
Project("{FAE04EC0-301F-11D3-BF4B-00C04F79EFBC}") = "Taskify.Web", "src\Taskify.Web\Taskify.Web.csproj", "{C5E6D0C0-D758-42AF-91B7-FB6C1A82FFC0}"
EndProject
Project("{FAE04EC0-301F-11D3-BF4B-00C04F79EFBC}") = "Taskify.Tests", "tests\Taskify.Tests\Taskify.Tests.csproj", "{5D8DD4B7-B61B-47DD-ACFB-5371AD98AA4B}"
EndProject
Global
	GlobalSection(SolutionConfigurationPlatforms) = preSolution
		Debug|Any CPU = Debug|Any CPU
		Debug|x64 = Debug|x64
		Debug|x86 = Debug|x86
		Release|Any CPU = Release|Any CPU
		Release|x64 = Release|x64
		Release|x86 = Release|x86
	EndGlobalSection
	GlobalSection(ProjectConfigurationPlatforms) = postSolution
		{686C615D-D3A3-4754-B73F-0168DEE1FB9A}.Debug|Any CPU.ActiveCfg = Debug|Any CPU
		{686C615D-D3A3-4754-B73F-0168DEE1FB9A}.Debug|Any CPU.Build.0 = Debug|Any CPU
		{686C615D-D3A3-4754-B73F-0168DEE1FB9A}.Debug|x64.ActiveCfg = Debug|Any CPU
		{686C615D-D3A3-4754-B73F-0168DEE1FB9A}.Debug|x64.Build.0 = Debug|Any CPU
		{686C615D-D3A3-4754-B73F-0168DEE1FB9A}.Debug|x86.ActiveCfg = Debug|Any CPU
		{686C615D-D3A3-4754-B73F-0168DEE1FB9A}.Debug|x86.Build.0 = Debug|Any CPU
		{686C615D-D3A3-4754-B73F-0168DEE1FB9A}.Release|Any CPU.ActiveCfg = Release|Any CPU
		{686C615D-D3A3-4754-B73F-0168DEE1FB9A}.Release|Any CPU.Build.0 = Release|Any CPU
		{686C615D-D3A3-4754-B73F-0168DEE1FB9A}.Release|x64.ActiveCfg = Release|Any CPU
		{686C615D-D3A3-4754-B73F-0168DEE1FB9A}.Release|x64.Build.0 = Release|Any CPU
		{686C615D-D3A3-4754-B73F-0168DEE1FB9A}.Release|x86.ActiveCfg = Release|Any CPU
		{686C615D-D3A3-4754-B73F-0168DEE1FB9A}.Release|x86.Build.0 = Release|Any CPU
		{24670A34-FD35-4701-BA03-1E26F003E5E1}.Debug|Any CPU.ActiveCfg = Debug|Any CPU
		{24670A34-FD35-4701-BA03-1E26F003E5E1}.Debug|Any CPU.Build.0 = Debug|Any CPU
		{24670A34-FD35-4701-BA03-1E26F003E5E1}.Debug|x64.ActiveCfg = Debug|Any CPU
		{24670A34-FD35-4701-BA03-1E26F003E5E1}.Debug|x64.Build.0 = Debug|Any CPU
		{24670A34-FD35-4701-BA03-1E26F003E5E1}.Debug|x86.ActiveCfg = Debug|Any CPU
		{24670A34-FD35-4701-BA03-1E26F003E5E1}.Debug|x86.Build.0 = Debug|Any CPU
		{24670A34-FD35-4701-BA03-1E26F003E5E1}.Release|Any CPU.ActiveCfg = Release|Any CPU
		{24670A34-FD35-4701-BA03-1E26F003E5E1}.Release|Any CPU.Build.0 = Release|Any CPU
		{24670A34-FD35-4701-BA03-1E26F003E5E1}.Release|x64.ActiveCfg = Release|Any CPU
		{24670A34-FD35-4701-BA03-1E26F003E5E1}.Release|x64.Build.0 = Release|Any CPU
		{24670A34-FD35-4701-BA03-1E26F003E5E1}.Release|x86.ActiveCfg = Release|Any CPU
		{24670A34-FD35-4701-BA03-1E26F003E5E1}.Release|x86.Build.0 = Release|Any CPU
		{817DF2A8-9A6E-4AB4-AEA9-2A8EA3C4CAC3}.Debug|Any CPU.ActiveCfg = Debug|Any CPU
		{817DF2A8-9A6E-4AB4-AEA9-2A8EA3C4CAC3}.Debug|Any CPU.Build.0 = Debug|Any CPU
		{817DF2A8-9A6E-4AB4-AEA9-2A8EA3C4CAC3}.Debug|x64.ActiveCfg = Debug|Any CPU
		{817DF2A8-9A6E-4AB4-AEA9-2A8EA3C4CAC3}.Debug|x64.Build.0 = Debug|Any CPU
		{817DF2A8-9A6E-4AB4-AEA9-2A8EA3C4CAC3}.Debug|x86.ActiveCfg = Debug|Any CPU
		{817DF2A8-9A6E-4AB4-AEA9-2A8EA3C4CAC3}.Debug|x86.Build.0 = Debug|Any CPU
		{817DF2A8-9A6E-4AB4-AEA9-2A8EA3C4CAC3}.Release|Any CPU.ActiveCfg = Release|Any CPU
		{817DF2A8-9A6E-4AB4-AEA9-2A8EA3C4CAC3}.Release|Any CPU.Build.0 = Release|Any CPU
		{817DF2A8-9A6E-4AB4-AEA9-2A8EA3C4CAC3}.Release|x64.ActiveCfg = Release|Any CPU
		{817DF2A8-9A6E-4AB4-AEA9-2A8EA3C4CAC3}.Release|x64.Build.0 = Release|Any CPU
		{817DF2A8-9A6E-4AB4-AEA9-2A8EA3C4CAC3}.Release|x86.ActiveCfg = Release|Any CPU
		{817DF2A8-9A6E-4AB4-AEA9-2A8EA3C4CAC3}.Release|x86.Build.0 = Release|Any CPU
		{C5E6D0C0-D758-42AF-91B7-FB6C1A82FFC0}.Debug|Any CPU.ActiveCfg = Debug|Any CPU
		{C5E6D0C0-D758-42AF-91B7-FB6C1A82FFC0}.Debug|Any CPU.Build.0 = Debug|Any CPU
		{C5E6D0C0-D758-42AF-91B7-FB6C1A82FFC0}.Debug|x64.ActiveCfg = Debug|Any CPU
		{C5E6D0C0-D758-42AF-91B7-FB6C1A82FFC0}.Debug|x64.Build.0 = Debug|Any CPU
		{C5E6D0C0-D758-42AF-91B7-FB6C1A82FFC0}.Debug|x86.ActiveCfg = Debug|Any CPU
		{C5E6D0C0-D758-42AF-91B7-FB6C1A82FFC0}.Debug|x86.Build.0 = Debug|Any CPU
		{C5E6D0C0-D758-42AF-91B7-FB6C1A82FFC0}.Release|Any CPU.ActiveCfg = Release|Any CPU
		{C5E6D0C0-D758-42AF-91B7-FB6C1A82FFC0}.Release|Any CPU.Build.0 = Release|Any CPU
		{C5E6D0C0-D758-42AF-91B7-FB6C1A82FFC0}.Release|x64.ActiveCfg = Release|Any CPU
		{C5E6D0C0-D758-42AF-91B7-FB6C1A82FFC0}.Release|x64.Build.0 = Release|Any CPU
		{C5E6D0C0-D758-42AF-91B7-FB6C1A82FFC0}.Release|x86.ActiveCfg = Release|Any CPU
		{C5E6D0C0-D758-42AF-91B7-FB6C1A82FFC0}.Release|x86.Build.0 = Release|Any CPU
		{5D8DD4B7-B61B-47DD-ACFB-5371AD98AA4B}.Debug|Any CPU.ActiveCfg = Debug|Any CPU
		{5D8DD4B7-B61B-47DD-ACFB-5371AD98AA4B}.Debug|Any CPU.Build.0 = Debug|Any CPU
		{5D8DD4B7-B61B-47DD-ACFB-5371AD98AA4B}.Debug|x64.ActiveCfg = Debug|Any CPU
		{5D8DD4B7-B61B-47DD-ACFB-5371AD98AA4B}.Debug|x64.Build.0 = Debug|Any CPU
		{5D8DD4B7-B61B-47DD-ACFB-5371AD98AA4B}.Debug|x86.ActiveCfg = Debug|Any CPU
		{5D8DD4B7-B61B-47DD-ACFB-5371AD98AA4B}.Debug|x86.Build.0 = Debug|Any CPU
		{5D8DD4B7-B61B-47DD-ACFB-5371AD98AA4B}.Release|Any CPU.ActiveCfg = Release|Any CPU
		{5D8DD4B7-B61B-47DD-ACFB-5371AD98AA4B}.Release|Any CPU.Build.0 = Release|Any CPU
		{5D8DD4B7-B61B-47DD-ACFB-5371AD98AA4B}.Release|x64.ActiveCfg = Release|Any CPU
		{5D8DD4B7-B61B-47DD-ACFB-5371AD98AA4B}.Release|x64.Build.0 = Release|Any CPU
		{5D8DD4B7-B61B-47DD-ACFB-5371AD98AA4B}.Release|x86.ActiveCfg = Release|Any CPU
		{5D8DD4B7-B61B-47DD-ACFB-5371AD98AA4B}.Release|x86.Build.0 = Release|Any CPU
	EndGlobalSection
	GlobalSection(SolutionProperties) = preSolution
		HideSolutionNode = FALSE
	EndGlobalSection
	GlobalSection(NestedProjects) = preSolution
		{686C615D-D3A3-4754-B73F-0168DEE1FB9A} = {827E0CD3-B72D-47B6-A68D-7590B98EB39B}
		{24670A34-FD35-4701-BA03-1E26F003E5E1} = {827E0CD3-B72D-47B6-A68D-7590B98EB39B}
		{817DF2A8-9A6E-4AB4-AEA9-2A8EA3C4CAC3} = {827E0CD3-B72D-47B6-A68D-7590B98EB39B}
		{C5E6D0C0-D758-42AF-91B7-FB6C1A82FFC0} = {827E0CD3-B72D-47B6-A68D-7590B98EB39B}
		{5D8DD4B7-B61B-47DD-ACFB-5371AD98AA4B} = {827E0CD3-B72D-47B6-A68D-7590B98EB39B}
	EndGlobalSection
EndGlobal
